
Microsoft Visual Studio Solution File, Format Version 10.00
# Visual Studio 2008
Project("{FAE04EC0-301F-11D3-BF4B-00C04F79EFBC}") = "MantenerEstado", "GridViewMaestroDetalleAnidado\GridViewMaestroDetalleAnidado.csproj", "{F4256920-B010-4D28-A8C7-BDDA139389D9}"
EndProject
Project("{FAE04EC0-301F-11D3-BF4B-00C04F79EFBC}") = "Northwind.DataAccess", "Northwind.DataAccess\Northwind.DataAccess.csproj", "{480AB979-D763-47FA-BFFB-1F6D11C27852}"
EndProject
Global
	GlobalSection(SolutionConfigurationPlatforms) = preSolution
		Debug|Any CPU = Debug|Any CPU
		Release|Any CPU = Release|Any CPU
	EndGlobalSection
	GlobalSection(ProjectConfigurationPlatforms) = postSolution
		{F4256920-B010-4D28-A8C7-BDDA139389D9}.Debug|Any CPU.ActiveCfg = Debug|Any CPU
		{F4256920-B010-4D28-A8C7-BDDA139389D9}.Debug|Any CPU.Build.0 = Debug|Any CPU
		{F4256920-B010-4D28-A8C7-BDDA139389D9}.Release|Any CPU.ActiveCfg = Release|Any CPU
		{F4256920-B010-4D28-A8C7-BDDA139389D9}.Release|Any CPU.Build.0 = Release|Any CPU
		{480AB979-D763-47FA-BFFB-1F6D11C27852}.Debug|Any CPU.ActiveCfg = Debug|Any CPU
		{480AB979-D763-47FA-BFFB-1F6D11C27852}.Debug|Any CPU.Build.0 = Debug|Any CPU
		{480AB979-D763-47FA-BFFB-1F6D11C27852}.Release|Any CPU.ActiveCfg = Release|Any CPU
		{480AB979-D763-47FA-BFFB-1F6D11C27852}.Release|Any CPU.Build.0 = Release|Any CPU
	EndGlobalSection
	GlobalSection(SolutionProperties) = preSolution
		HideSolutionNode = FALSE
	EndGlobalSection
EndGlobal
